
Microsoft Visual Studio Solution File, Format Version 12.00
# Visual Studio 14
VisualStudioVersion = 14.0.25420.1
MinimumVisualStudioVersion = 10.0.40219.1
Project("{FAE04EC0-301F-11D3-BF4B-00C04F79EFBC}") = "RabbitMQPublisherDemo", "RabbitMQPublisherDemo\RabbitMQPublisherDemo.csproj", "{D644B9FC-C915-49FC-ABA9-71471F69F0FD}"
EndProject
Project("{FAE04EC0-301F-11D3-BF4B-00C04F79EFBC}") = "Common", "Common\Common.csproj", "{98E2AF6F-80BF-403A-8FA4-B524CC8ECB59}"
EndProject
Project("{FAE04EC0-301F-11D3-BF4B-00C04F79EFBC}") = "RabbitMQSubscribeDemo", "RabbitMQSubscribeDemo\RabbitMQSubscribeDemo.csproj", "{6FECAC21-D2C4-4D89-985C-5342A49D1500}"
EndProject
Project("{FAE04EC0-301F-11D3-BF4B-00C04F79EFBC}") = "RabbitMQSubscribeConsoleDemo", "RabbitMQSubscribeConsoleDemo\RabbitMQSubscribeConsoleDemo.csproj", "{DDA8DDB1-D1AF-406A-85D9-DAF630A4261D}"
EndProject
Global
	GlobalSection(SolutionConfigurationPlatforms) = preSolution
		Debug|Any CPU = Debug|Any CPU
		Release|Any CPU = Release|Any CPU
	EndGlobalSection
	GlobalSection(ProjectConfigurationPlatforms) = postSolution
		{D644B9FC-C915-49FC-ABA9-71471F69F0FD}.Debug|Any CPU.ActiveCfg = Debug|Any CPU
		{D644B9FC-C915-49FC-ABA9-71471F69F0FD}.Debug|Any CPU.Build.0 = Debug|Any CPU
		{D644B9FC-C915-49FC-ABA9-71471F69F0FD}.Release|Any CPU.ActiveCfg = Release|Any CPU
		{D644B9FC-C915-49FC-ABA9-71471F69F0FD}.Release|Any CPU.Build.0 = Release|Any CPU
		{98E2AF6F-80BF-403A-8FA4-B524CC8ECB59}.Debug|Any CPU.ActiveCfg = Debug|Any CPU
		{98E2AF6F-80BF-403A-8FA4-B524CC8ECB59}.Debug|Any CPU.Build.0 = Debug|Any CPU
		{98E2AF6F-80BF-403A-8FA4-B524CC8ECB59}.Release|Any CPU.ActiveCfg = Release|Any CPU
		{98E2AF6F-80BF-403A-8FA4-B524CC8ECB59}.Release|Any CPU.Build.0 = Release|Any CPU
		{6FECAC21-D2C4-4D89-985C-5342A49D1500}.Debug|Any CPU.ActiveCfg = Debug|Any CPU
		{6FECAC21-D2C4-4D89-985C-5342A49D1500}.Debug|Any CPU.Build.0 = Debug|Any CPU
		{6FECAC21-D2C4-4D89-985C-5342A49D1500}.Release|Any CPU.ActiveCfg = Release|Any CPU
		{6FECAC21-D2C4-4D89-985C-5342A49D1500}.Release|Any CPU.Build.0 = Release|Any CPU
		{DDA8DDB1-D1AF-406A-85D9-DAF630A4261D}.Debug|Any CPU.ActiveCfg = Debug|Any CPU
		{DDA8DDB1-D1AF-406A-85D9-DAF630A4261D}.Debug|Any CPU.Build.0 = Debug|Any CPU
		{DDA8DDB1-D1AF-406A-85D9-DAF630A4261D}.Release|Any CPU.ActiveCfg = Release|Any CPU
		{DDA8DDB1-D1AF-406A-85D9-DAF630A4261D}.Release|Any CPU.Build.0 = Release|Any CPU
	EndGlobalSection
	GlobalSection(SolutionProperties) = preSolution
		HideSolutionNode = FALSE
	EndGlobalSection
EndGlobal
